// !$*UTF8*$!
{
	archiveVersion = 1;
	classes = {
	};
	objectVersion = 55;
	objects = {

/* Begin PBXBuildFile section */
		2A28AB9829051B2E00D0FA1F /* CacheBootcampApp.swift in Sources */ = {isa = PBXBuildFile; fileRef = 2A28AB9729051B2E00D0FA1F /* CacheBootcampApp.swift */; };
		2A28AB9A29051B2F00D0FA1F /* ContentView.swift in Sources */ = {isa = PBXBuildFile; fileRef = 2A28AB9929051B2F00D0FA1F /* ContentView.swift */; };
		2A28AB9C29051B3400D0FA1F /* Assets.xcassets in Resources */ = {isa = PBXBuildFile; fileRef = 2A28AB9B29051B3400D0FA1F /* Assets.xcassets */; };
		2A28AB9F29051B3400D0FA1F /* Preview Assets.xcassets in Resources */ = {isa = PBXBuildFile; fileRef = 2A28AB9E29051B3400D0FA1F /* Preview Assets.xcassets */; };
		2A28ABA929051B3400D0FA1F /* CacheBootcampTests.swift in Sources */ = {isa = PBXBuildFile; fileRef = 2A28ABA829051B3400D0FA1F /* CacheBootcampTests.swift */; };
		2A28ABB329051B3400D0FA1F /* CacheBootcampUITests.swift in Sources */ = {isa = PBXBuildFile; fileRef = 2A28ABB229051B3400D0FA1F /* CacheBootcampUITests.swift */; };
		2A28ABB529051B3400D0FA1F /* CacheBootcampUITestsLaunchTests.swift in Sources */ = {isa = PBXBuildFile; fileRef = 2A28ABB429051B3400D0FA1F /* CacheBootcampUITestsLaunchTests.swift */; };
/* End PBXBuildFile section */

/* Begin PBXContainerItemProxy section */
		2A28ABA529051B3400D0FA1F /* PBXContainerItemProxy */ = {
			isa = PBXContainerItemProxy;
			containerPortal = 2A28AB8C29051B2E00D0FA1F /* Project object */;
			proxyType = 1;
			remoteGlobalIDString = 2A28AB9329051B2E00D0FA1F;
			remoteInfo = CacheBootcamp;
		};
		2A28ABAF29051B3400D0FA1F /* PBXContainerItemProxy */ = {
			isa = PBXContainerItemProxy;
			containerPortal = 2A28AB8C29051B2E00D0FA1F /* Project object */;
			proxyType = 1;
			remoteGlobalIDString = 2A28AB9329051B2E00D0FA1F;
			remoteInfo = CacheBootcamp;
		};
/* End PBXContainerItemProxy section */

/* Begin PBXFileReference section */
		2A28AB9429051B2E00D0FA1F /* CacheBootcamp.app */ = {isa = PBXFileReference; explicitFileType = wrapper.application; includeInIndex = 0; path = CacheBootcamp.app; sourceTree = BUILT_PRODUCTS_DIR; };
		2A28AB9729051B2E00D0FA1F /* CacheBootcampApp.swift */ = {isa = PBXFileReference; lastKnownFileType = sourcecode.swift; path = CacheBootcampApp.swift; sourceTree = "<group>"; };
		2A28AB9929051B2F00D0FA1F /* ContentView.swift */ = {isa = PBXFileReference; lastKnownFileType = sourcecode.swift; path = ContentView.swift; sourceTree = "<group>"; };
		2A28AB9B29051B3400D0FA1F /* Assets.xcassets */ = {isa = PBXFileReference; lastKnownFileType = folder.assetcatalog; path = Assets.xcassets; sourceTree = "<group>"; };
		2A28AB9E29051B3400D0FA1F /* Preview Assets.xcassets */ = {isa = PBXFileReference; lastKnownFileType = folder.assetcatalog; path = "Preview Assets.xcassets"; sourceTree = "<group>"; };
		2A28ABA429051B3400D0FA1F /* CacheBootcampTests.xctest */ = {isa = PBXFileReference; explicitFileType = wrapper.cfbundle; includeInIndex = 0; path = CacheBootcampTests.xctest; sourceTree = BUILT_PRODUCTS_DIR; };
		2A28ABA829051B3400D0FA1F /* CacheBootcampTests.swift */ = {isa = PBXFileReference; lastKnownFileType = sourcecode.swift; path = CacheBootcampTests.swift; sourceTree = "<group>"; };
		2A28ABAE29051B3400D0FA1F /* CacheBootcampUITests.xctest */ = {isa = PBXFileReference; explicitFileType = wrapper.cfbundle; includeInIndex = 0; path = CacheBootcampUITests.xctest; sourceTree = BUILT_PRODUCTS_DIR; };
		2A28ABB229051B3400D0FA1F /* CacheBootcampUITests.swift */ = {isa = PBXFileReference; lastKnownFileType = sourcecode.swift; path = CacheBootcampUITests.swift; sourceTree = "<group>"; };
		2A28ABB429051B3400D0FA1F /* CacheBootcampUITestsLaunchTests.swift */ = {isa = PBXFileReference; lastKnownFileType = sourcecode.swift; path = CacheBootcampUITestsLaunchTests.swift; sourceTree = "<group>"; };
/* End PBXFileReference section */

/* Begin PBXFrameworksBuildPhase section */
		2A28AB9129051B2E00D0FA1F /* Frameworks */ = {
			isa = PBXFrameworksBuildPhase;
			buildActionMask = 2147483647;
			files = (
			);
			runOnlyForDeploymentPostprocessing = 0;
		};
		2A28ABA129051B3400D0FA1F /* Frameworks */ = {
			isa = PBXFrameworksBuildPhase;
			buildActionMask = 2147483647;
			files = (
			);
			runOnlyForDeploymentPostprocessing = 0;
		};
		2A28ABAB29051B3400D0FA1F /* Frameworks */ = {
			isa = PBXFrameworksBuildPhase;
			buildActionMask = 2147483647;
			files = (
			);
			runOnlyForDeploymentPostprocessing = 0;
		};
/* End PBXFrameworksBuildPhase section */

/* Begin PBXGroup section */
		2A28AB8B29051B2E00D0FA1F = {
			isa = PBXGroup;
			children = (
				2A28AB9629051B2E00D0FA1F /* CacheBootcamp */,
				2A28ABA729051B3400D0FA1F /* CacheBootcampTests */,
				2A28ABB129051B3400D0FA1F /* CacheBootcampUITests */,
				2A28AB9529051B2E00D0FA1F /* Products */,
			);
			sourceTree = "<group>";
		};
		2A28AB9529051B2E00D0FA1F /* Products */ = {
			isa = PBXGroup;
			children = (
				2A28AB9429051B2E00D0FA1F /* CacheBootcamp.app */,
				2A28ABA429051B3400D0FA1F /* CacheBootcampTests.xctest */,
				2A28ABAE29051B3400D0FA1F /* CacheBootcampUITests.xctest */,
			);
			name = Products;
			sourceTree = "<group>";
		};
		2A28AB9629051B2E00D0FA1F /* CacheBootcamp */ = {
			isa = PBXGroup;
			children = (
				2A28AB9729051B2E00D0FA1F /* CacheBootcampApp.swift */,
				2A28AB9929051B2F00D0FA1F /* ContentView.swift */,
				2A28AB9B29051B3400D0FA1F /* Assets.xcassets */,
				2A28AB9D29051B3400D0FA1F /* Preview Content */,
			);
			path = CacheBootcamp;
			sourceTree = "<group>";
		};
		2A28AB9D29051B3400D0FA1F /* Preview Content */ = {
			isa = PBXGroup;
			children = (
				2A28AB9E29051B3400D0FA1F /* Preview Assets.xcassets */,
			);
			path = "Preview Content";
			sourceTree = "<group>";
		};
		2A28ABA729051B3400D0FA1F /* CacheBootcampTests */ = {
			isa = PBXGroup;
			children = (
				2A28ABA829051B3400D0FA1F /* CacheBootcampTests.swift */,
			);
			path = CacheBootcampTests;
			sourceTree = "<group>";
		};
		2A28ABB129051B3400D0FA1F /* CacheBootcampUITests */ = {
			isa = PBXGroup;
			children = (
				2A28ABB229051B3400D0FA1F /* CacheBootcampUITests.swift */,
				2A28ABB429051B3400D0FA1F /* CacheBootcampUITestsLaunchTests.swift */,
			);
			path = CacheBootcampUITests;
			sourceTree = "<group>";
		};
/* End PBXGroup section */

/* Begin PBXNativeTarget section */
		2A28AB9329051B2E00D0FA1F /* CacheBootcamp */ = {
			isa = PBXNativeTarget;
			buildConfigurationList = 2A28ABB829051B3400D0FA1F /* Build configuration list for PBXNativeTarget "CacheBootcamp" */;
			buildPhases = (
				2A28AB9029051B2E00D0FA1F /* Sources */,
				2A28AB9129051B2E00D0FA1F /* Frameworks */,
				2A28AB9229051B2E00D0FA1F /* Resources */,
			);
			buildRules = (
			);
			dependencies = (
			);
			name = CacheBootcamp;
			productName = CacheBootcamp;
			productReference = 2A28AB9429051B2E00D0FA1F /* CacheBootcamp.app */;
			productType = "com.apple.product-type.application";
		};
		2A28ABA329051B3400D0FA1F /* CacheBootcampTests */ = {
			isa = PBXNativeTarget;
			buildConfigurationList = 2A28ABBB29051B3400D0FA1F /* Build configuration list for PBXNativeTarget "CacheBootcampTests" */;
			buildPhases = (
				2A28ABA029051B3400D0FA1F /* Sources */,
				2A28ABA129051B3400D0FA1F /* Frameworks */,
				2A28ABA229051B3400D0FA1F /* Resources */,
			);
			buildRules = (
			);
			dependencies = (
				2A28ABA629051B3400D0FA1F /* PBXTargetDependency */,
			);
			name = CacheBootcampTests;
			productName = CacheBootcampTests;
			productReference = 2A28ABA429051B3400D0FA1F /* CacheBootcampTests.xctest */;
			productType = "com.apple.product-type.bundle.unit-test";
		};
		2A28ABAD29051B3400D0FA1F /* CacheBootcampUITests */ = {
			isa = PBXNativeTarget;
			buildConfigurationList = 2A28ABBE29051B3400D0FA1F /* Build configuration list for PBXNativeTarget "CacheBootcampUITests" */;
			buildPhases = (
				2A28ABAA29051B3400D0FA1F /* Sources */,
				2A28ABAB29051B3400D0FA1F /* Frameworks */,
				2A28ABAC29051B3400D0FA1F /* Resources */,
			);
			buildRules = (
			);
			dependencies = (
				2A28ABB029051B3400D0FA1F /* PBXTargetDependency */,
			);
			name = CacheBootcampUITests;
			productName = CacheBootcampUITests;
			productReference = 2A28ABAE29051B3400D0FA1F /* CacheBootcampUITests.xctest */;
			productType = "com.apple.product-type.bundle.ui-testing";
		};
/* End PBXNativeTarget section */

/* Begin PBXProject section */
		2A28AB8C29051B2E00D0FA1F /* Project object */ = {
			isa = PBXProject;
			attributes = {
				BuildIndependentTargetsInParallel = 1;
				LastSwiftUpdateCheck = 1340;
				LastUpgradeCheck = 1340;
				TargetAttributes = {
					2A28AB9329051B2E00D0FA1F = {
						CreatedOnToolsVersion = 13.4.1;
					};
					2A28ABA329051B3400D0FA1F = {
						CreatedOnToolsVersion = 13.4.1;
						TestTargetID = 2A28AB9329051B2E00D0FA1F;
					};
					2A28ABAD29051B3400D0FA1F = {
						CreatedOnToolsVersion = 13.4.1;
						TestTargetID = 2A28AB9329051B2E00D0FA1F;
					};
				};
			};
			buildConfigurationList = 2A28AB8F29051B2E00D0FA1F /* Build configuration list for PBXProject "CacheBootcamp" */;
			compatibilityVersion = "Xcode 13.0";
			developmentRegion = en;
			hasScannedForEncodings = 0;
			knownRegions = (
				en,
				Base,
			);
			mainGroup = 2A28AB8B29051B2E00D0FA1F;
			productRefGroup = 2A28AB9529051B2E00D0FA1F /* Products */;
			projectDirPath = "";
			projectRoot = "";
			targets = (
				2A28AB9329051B2E00D0FA1F /* CacheBootcamp */,
				2A28ABA329051B3400D0FA1F /* CacheBootcampTests */,
				2A28ABAD29051B3400D0FA1F /* CacheBootcampUITests */,
			);
		};
/* End PBXProject section */

/* Begin PBXResourcesBuildPhase section */
		2A28AB9229051B2E00D0FA1F /* Resources */ = {
			isa = PBXResourcesBuildPhase;
			buildActionMask = 2147483647;
			files = (
				2A28AB9F29051B3400D0FA1F /* Preview Assets.xcassets in Resources */,
				2A28AB9C29051B3400D0FA1F /* Assets.xcassets in Resources */,
			);
			runOnlyForDeploymentPostprocessing = 0;
		};
		2A28ABA229051B3400D0FA1F /* Resources */ = {
			isa = PBXResourcesBuildPhase;
			buildActionMask = 2147483647;
			files = (
			);
			runOnlyForDeploymentPostprocessing = 0;
		};
		2A28ABAC29051B3400D0FA1F /* Resources */ = {
			isa = PBXResourcesBuildPhase;
			buildActionMask = 2147483647;
			files = (
			);
			runOnlyForDeploymentPostprocessing = 0;
		};
/* End PBXResourcesBuildPhase section */

/* Begin PBXSourcesBuildPhase section */
		2A28AB9029051B2E00D0FA1F /* Sources */ = {
			isa = PBXSourcesBuildPhase;
			buildActionMask = 2147483647;
			files = (
				2A28AB9A29051B2F00D0FA1F /* ContentView.swift in Sources */,
				2A28AB9829051B2E00D0FA1F /* CacheBootcampApp.swift in Sources */,
			);
			runOnlyForDeploymentPostprocessing = 0;
		};
		2A28ABA029051B3400D0FA1F /* Sources */ = {
			isa = PBXSourcesBuildPhase;
			buildActionMask = 2147483647;
			files = (
				2A28ABA929051B3400D0FA1F /* CacheBootcampTests.swift in Sources */,
			);
			runOnlyForDeploymentPostprocessing = 0;
		};
		2A28ABAA29051B3400D0FA1F /* Sources */ = {
			isa = PBXSourcesBuildPhase;
			buildActionMask = 2147483647;
			files = (
				2A28ABB529051B3400D0FA1F /* CacheBootcampUITestsLaunchTests.swift in Sources */,
				2A28ABB329051B3400D0FA1F /* CacheBootcampUITests.swift in Sources */,
			);
			runOnlyForDeploymentPostprocessing = 0;
		};
/* End PBXSourcesBuildPhase section */

/* Begin PBXTargetDependency section */
		2A28ABA629051B3400D0FA1F /* PBXTargetDependency */ = {
			isa = PBXTargetDependency;
			target = 2A28AB9329051B2E00D0FA1F /* CacheBootcamp */;
			targetProxy = 2A28ABA529051B3400D0FA1F /* PBXContainerItemProxy */;
		};
		2A28ABB029051B3400D0FA1F /* PBXTargetDependency */ = {
			isa = PBXTargetDependency;
			target = 2A28AB9329051B2E00D0FA1F /* CacheBootcamp */;
			targetProxy = 2A28ABAF29051B3400D0FA1F /* PBXContainerItemProxy */;
		};
/* End PBXTargetDependency section */

/* Begin XCBuildConfiguration section */
		2A28ABB629051B3400D0FA1F /* Debug */ = {
			isa = XCBuildConfiguration;
			buildSettings = {
				ALWAYS_SEARCH_USER_PATHS = NO;
				CLANG_ANALYZER_NONNULL = YES;
				CLANG_ANALYZER_NUMBER_OBJECT_CONVERSION = YES_AGGRESSIVE;
				CLANG_CXX_LANGUAGE_STANDARD = "gnu++17";
				CLANG_ENABLE_MODULES = YES;
				CLANG_ENABLE_OBJC_ARC = YES;
				CLANG_ENABLE_OBJC_WEAK = YES;
				CLANG_WARN_BLOCK_CAPTURE_AUTORELEASING = YES;
				CLANG_WARN_BOOL_CONVERSION = YES;
				CLANG_WARN_COMMA = YES;
				CLANG_WARN_CONSTANT_CONVERSION = YES;
				CLANG_WARN_DEPRECATED_OBJC_IMPLEMENTATIONS = YES;
				CLANG_WARN_DIRECT_OBJC_ISA_USAGE = YES_ERROR;
				CLANG_WARN_DOCUMENTATION_COMMENTS = YES;
				CLANG_WARN_EMPTY_BODY = YES;
				CLANG_WARN_ENUM_CONVERSION = YES;
				CLANG_WARN_INFINITE_RECURSION = YES;
				CLANG_WARN_INT_CONVERSION = YES;
				CLANG_WARN_NON_LITERAL_NULL_CONVERSION = YES;
				CLANG_WARN_OBJC_IMPLICIT_RETAIN_SELF = YES;
				CLANG_WARN_OBJC_LITERAL_CONVERSION = YES;
				CLANG_WARN_OBJC_ROOT_CLASS = YES_ERROR;
				CLANG_WARN_QUOTED_INCLUDE_IN_FRAMEWORK_HEADER = YES;
				CLANG_WARN_RANGE_LOOP_ANALYSIS = YES;
				CLANG_WARN_STRICT_PROTOTYPES = YES;
				CLANG_WARN_SUSPICIOUS_MOVE = YES;
				CLANG_WARN_UNGUARDED_AVAILABILITY = YES_AGGRESSIVE;
				CLANG_WARN_UNREACHABLE_CODE = YES;
				CLANG_WARN__DUPLICATE_METHOD_MATCH = YES;
				COPY_PHASE_STRIP = NO;
				DEBUG_INFORMATION_FORMAT = dwarf;
				ENABLE_STRICT_OBJC_MSGSEND = YES;
				ENABLE_TESTABILITY = YES;
				GCC_C_LANGUAGE_STANDARD = gnu11;
				GCC_DYNAMIC_NO_PIC = NO;
				GCC_NO_COMMON_BLOCKS = YES;
				GCC_OPTIMIZATION_LEVEL = 0;
				GCC_PREPROCESSOR_DEFINITIONS = (
					"DEBUG=1",
					"$(inherited)",
				);
				GCC_WARN_64_TO_32_BIT_CONVERSION = YES;
				GCC_WARN_ABOUT_RETURN_TYPE = YES_ERROR;
				GCC_WARN_UNDECLARED_SELECTOR = YES;
				GCC_WARN_UNINITIALIZED_AUTOS = YES_AGGRESSIVE;
				GCC_WARN_UNUSED_FUNCTION = YES;
				GCC_WARN_UNUSED_VARIABLE = YES;
				IPHONEOS_DEPLOYMENT_TARGET = 15.5;
				MTL_ENABLE_DEBUG_INFO = INCLUDE_SOURCE;
				MTL_FAST_MATH = YES;
				ONLY_ACTIVE_ARCH = YES;
				SDKROOT = iphoneos;
				SWIFT_ACTIVE_COMPILATION_CONDITIONS = DEBUG;
				SWIFT_OPTIMIZATION_LEVEL = "-Onone";
			};
			name = Debug;
		};
		2A28ABB729051B3400D0FA1F /* Release */ = {
			isa = XCBuildConfiguration;
			buildSettings = {
				ALWAYS_SEARCH_USER_PATHS = NO;
				CLANG_ANALYZER_NONNULL = YES;
				CLANG_ANALYZER_NUMBER_OBJECT_CONVERSION = YES_AGGRESSIVE;
				CLANG_CXX_LANGUAGE_STANDARD = "gnu++17";
				CLANG_ENABLE_MODULES = YES;
				CLANG_ENABLE_OBJC_ARC = YES;
				CLANG_ENABLE_OBJC_WEAK = YES;
				CLANG_WARN_BLOCK_CAPTURE_AUTORELEASING = YES;
				CLANG_WARN_BOOL_CONVERSION = YES;
				CLANG_WARN_COMMA = YES;
				CLANG_WARN_CONSTANT_CONVERSION = YES;
				CLANG_WARN_DEPRECATED_OBJC_IMPLEMENTATIONS = YES;
				CLANG_WARN_DIRECT_OBJC_ISA_USAGE = YES_ERROR;
				CLANG_WARN_DOCUMENTATION_COMMENTS = YES;
				CLANG_WARN_EMPTY_BODY = YES;
				CLANG_WARN_ENUM_CONVERSION = YES;
				CLANG_WARN_INFINITE_RECURSION = YES;
				CLANG_WARN_INT_CONVERSION = YES;
				CLANG_WARN_NON_LITERAL_NULL_CONVERSION = YES;
				CLANG_WARN_OBJC_IMPLICIT_RETAIN_SELF = YES;
				CLANG_WARN_OBJC_LITERAL_CONVERSION = YES;
				CLANG_WARN_OBJC_ROOT_CLASS = YES_ERROR;
				CLANG_WARN_QUOTED_INCLUDE_IN_FRAMEWORK_HEADER = YES;
				CLANG_WARN_RANGE_LOOP_ANALYSIS = YES;
				CLANG_WARN_STRICT_PROTOTYPES = YES;
				CLANG_WARN_SUSPICIOUS_MOVE = YES;
				CLANG_WARN_UNGUARDED_AVAILABILITY = YES_AGGRESSIVE;
				CLANG_WARN_UNREACHABLE_CODE = YES;
				CLANG_WARN__DUPLICATE_METHOD_MATCH = YES;
				COPY_PHASE_STRIP = NO;
				DEBUG_INFORMATION_FORMAT = "dwarf-with-dsym";
				ENABLE_NS_ASSERTIONS = NO;
				ENABLE_STRICT_OBJC_MSGSEND = YES;
				GCC_C_LANGUAGE_STANDARD = gnu11;
				GCC_NO_COMMON_BLOCKS = YES;
				GCC_WARN_64_TO_32_BIT_CONVERSION = YES;
				GCC_WARN_ABOUT_RETURN_TYPE = YES_ERROR;
				GCC_WARN_UNDECLARED_SELECTOR = YES;
				GCC_WARN_UNINITIALIZED_AUTOS = YES_AGGRESSIVE;
				GCC_WARN_UNUSED_FUNCTION = YES;
				GCC_WARN_UNUSED_VARIABLE = YES;
				IPHONEOS_DEPLOYMENT_TARGET = 15.5;
				MTL_ENABLE_DEBUG_INFO = NO;
				MTL_FAST_MATH = YES;
				SDKROOT = iphoneos;
				SWIFT_COMPILATION_MODE = wholemodule;
				SWIFT_OPTIMIZATION_LEVEL = "-O";
				VALIDATE_PRODUCT = YES;
			};
			name = Release;
		};
		2A28ABB929051B3400D0FA1F /* Debug */ = {
			isa = XCBuildConfiguration;
			buildSettings = {
				ASSETCATALOG_COMPILER_APPICON_NAME = AppIcon;
				ASSETCATALOG_COMPILER_GLOBAL_ACCENT_COLOR_NAME = AccentColor;
				CODE_SIGN_STYLE = Automatic;
				CURRENT_PROJECT_VERSION = 1;
				DEVELOPMENT_ASSET_PATHS = "\"CacheBootcamp/Preview Content\"";
				DEVELOPMENT_TEAM = 9JRM3SAZ2F;
				ENABLE_PREVIEWS = YES;
				GENERATE_INFOPLIST_FILE = YES;
				INFOPLIST_KEY_UIApplicationSceneManifest_Generation = YES;
				INFOPLIST_KEY_UIApplicationSupportsIndirectInputEvents = YES;
				INFOPLIST_KEY_UILaunchScreen_Generation = YES;
				INFOPLIST_KEY_UISupportedInterfaceOrientations_iPad = "UIInterfaceOrientationPortrait UIInterfaceOrientationPortraitUpsideDown UIInterfaceOrientationLandscapeLeft UIInterfaceOrientationLandscapeRight";
				INFOPLIST_KEY_UISupportedInterfaceOrientations_iPhone = "UIInterfaceOrientationPortrait UIInterfaceOrientationLandscapeLeft UIInterfaceOrientationLandscapeRight";
				LD_RUNPATH_SEARCH_PATHS = (
					"$(inherited)",
					"@executable_path/Frameworks",
				);
				MARKETING_VERSION = 1.0;
				PRODUCT_BUNDLE_IDENTIFIER = hazemsmawy.CacheBootcamp;
				PRODUCT_NAME = "$(TARGET_NAME)";
				SWIFT_EMIT_LOC_STRINGS = YES;
				SWIFT_VERSION = 5.0;
				TARGETED_DEVICE_FAMILY = "1,2";
			};
			name = Debug;
		};
		2A28ABBA29051B3400D0FA1F /* Release */ = {
			isa = XCBuildConfiguration;
			buildSettings = {
				ASSETCATALOG_COMPILER_APPICON_NAME = AppIcon;
				ASSETCATALOG_COMPILER_GLOBAL_ACCENT_COLOR_NAME = AccentColor;
				CODE_SIGN_STYLE = Automatic;
				CURRENT_PROJECT_VERSION = 1;
				DEVELOPMENT_ASSET_PATHS = "\"CacheBootcamp/Preview Content\"";
				DEVELOPMENT_TEAM = 9JRM3SAZ2F;
				ENABLE_PREVIEWS = YES;
				GENERATE_INFOPLIST_FILE = YES;
				INFOPLIST_KEY_UIApplicationSceneManifest_Generation = YES;
				INFOPLIST_KEY_UIApplicationSupportsIndirectInputEvents = YES;
				INFOPLIST_KEY_UILaunchScreen_Generation = YES;
				INFOPLIST_KEY_UISupportedInterfaceOrientations_iPad = "UIInterfaceOrientationPortrait UIInterfaceOrientationPortraitUpsideDown UIInterfaceOrientationLandscapeLeft UIInterfaceOrientationLandscapeRight";
				INFOPLIST_KEY_UISupportedInterfaceOrientations_iPhone = "UIInterfaceOrientationPortrait UIInterfaceOrientationLandscapeLeft UIInterfaceOrientationLandscapeRight";
				LD_RUNPATH_SEARCH_PATHS = (
					"$(inherited)",
					"@executable_path/Frameworks",
				);
				MARKETING_VERSION = 1.0;
				PRODUCT_BUNDLE_IDENTIFIER = hazemsmawy.CacheBootcamp;
				PRODUCT_NAME = "$(TARGET_NAME)";
				SWIFT_EMIT_LOC_STRINGS = YES;
				SWIFT_VERSION = 5.0;
				TARGETED_DEVICE_FAMILY = "1,2";
			};
			name = Release;
		};
		2A28ABBC29051B3400D0FA1F /* Debug */ = {
			isa = XCBuildConfiguration;
			buildSettings = {
				ALWAYS_EMBED_SWIFT_STANDARD_LIBRARIES = YES;
				BUNDLE_LOADER = "$(TEST_HOST)";
				CODE_SIGN_STYLE = Automatic;
				CURRENT_PROJECT_VERSION = 1;
				DEVELOPMENT_TEAM = 9JRM3SAZ2F;
				GENERATE_INFOPLIST_FILE = YES;
				IPHONEOS_DEPLOYMENT_TARGET = 15.5;
				MARKETING_VERSION = 1.0;
				PRODUCT_BUNDLE_IDENTIFIER = hazemsmawy.CacheBootcampTests;
				PRODUCT_NAME = "$(TARGET_NAME)";
				SWIFT_EMIT_LOC_STRINGS = NO;
				SWIFT_VERSION = 5.0;
				TARGETED_DEVICE_FAMILY = "1,2";
				TEST_HOST = "$(BUILT_PRODUCTS_DIR)/CacheBootcamp.app/CacheBootcamp";
			};
			name = Debug;
		};
		2A28ABBD29051B3400D0FA1F /* Release */ = {
			isa = XCBuildConfiguration;
			buildSettings = {
				ALWAYS_EMBED_SWIFT_STANDARD_LIBRARIES = YES;
				BUNDLE_LOADER = "$(TEST_HOST)";
				CODE_SIGN_STYLE = Automatic;
				CURRENT_PROJECT_VERSION = 1;
				DEVELOPMENT_TEAM = 9JRM3SAZ2F;
				GENERATE_INFOPLIST_FILE = YES;
				IPHONEOS_DEPLOYMENT_TARGET = 15.5;
				MARKETING_VERSION = 1.0;
				PRODUCT_BUNDLE_IDENTIFIER = hazemsmawy.CacheBootcampTests;
				PRODUCT_NAME = "$(TARGET_NAME)";
				SWIFT_EMIT_LOC_STRINGS = NO;
				SWIFT_VERSION = 5.0;
				TARGETED_DEVICE_FAMILY = "1,2";
				TEST_HOST = "$(BUILT_PRODUCTS_DIR)/CacheBootcamp.app/CacheBootcamp";
			};
			name = Release;
		};
		2A28ABBF29051B3400D0FA1F /* Debug */ = {
			isa = XCBuildConfiguration;
			buildSettings = {
				ALWAYS_EMBED_SWIFT_STANDARD_LIBRARIES = YES;
				CODE_SIGN_STYLE = Automatic;
				CURRENT_PROJECT_VERSION = 1;
				DEVELOPMENT_TEAM = 9JRM3SAZ2F;
				GENERATE_INFOPLIST_FILE = YES;
				MARKETING_VERSION = 1.0;
				PRODUCT_BUNDLE_IDENTIFIER = hazemsmawy.CacheBootcampUITests;
				PRODUCT_NAME = "$(TARGET_NAME)";
				SWIFT_EMIT_LOC_STRINGS = NO;
				SWIFT_VERSION = 5.0;
				TARGETED_DEVICE_FAMILY = "1,2";
				TEST_TARGET_NAME = CacheBootcamp;
			};
			name = Debug;
		};
		2A28ABC029051B3400D0FA1F /* Release */ = {
			isa = XCBuildConfiguration;
			buildSettings = {
				ALWAYS_EMBED_SWIFT_STANDARD_LIBRARIES = YES;
				CODE_SIGN_STYLE = Automatic;
				CURRENT_PROJECT_VERSION = 1;
				DEVELOPMENT_TEAM = 9JRM3SAZ2F;
				GENERATE_INFOPLIST_FILE = YES;
				MARKETING_VERSION = 1.0;
				PRODUCT_BUNDLE_IDENTIFIER = hazemsmawy.CacheBootcampUITests;
				PRODUCT_NAME = "$(TARGET_NAME)";
				SWIFT_EMIT_LOC_STRINGS = NO;
				SWIFT_VERSION = 5.0;
				TARGETED_DEVICE_FAMILY = "1,2";
				TEST_TARGET_NAME = CacheBootcamp;
			};
			name = Release;
		};
/* End XCBuildConfiguration section */

/* Begin XCConfigurationList section */
		2A28AB8F29051B2E00D0FA1F /* Build configuration list for PBXProject "CacheBootcamp" */ = {
			isa = XCConfigurationList;
			buildConfigurations = (
				2A28ABB629051B3400D0FA1F /* Debug */,
				2A28ABB729051B3400D0FA1F /* Release */,
			);
			defaultConfigurationIsVisible = 0;
			defaultConfigurationName = Release;
		};
		2A28ABB829051B3400D0FA1F /* Build configuration list for PBXNativeTarget "CacheBootcamp" */ = {
			isa = XCConfigurationList;
			buildConfigurations = (
				2A28ABB929051B3400D0FA1F /* Debug */,
				2A28ABBA29051B3400D0FA1F /* Release */,
			);
			defaultConfigurationIsVisible = 0;
			defaultConfigurationName = Release;
		};
		2A28ABBB29051B3400D0FA1F /* Build configuration list for PBXNativeTarget "CacheBootcampTests" */ = {
			isa = XCConfigurationList;
			buildConfigurations = (
				2A28ABBC29051B3400D0FA1F /* Debug */,
				2A28ABBD29051B3400D0FA1F /* Release */,
			);
			defaultConfigurationIsVisible = 0;
			defaultConfigurationName = Release;
		};
		2A28ABBE29051B3400D0FA1F /* Build configuration list for PBXNativeTarget "CacheBootcampUITests" */ = {
			isa = XCConfigurationList;
			buildConfigurations = (
				2A28ABBF29051B3400D0FA1F /* Debug */,
				2A28ABC029051B3400D0FA1F /* Release */,
			);
			defaultConfigurationIsVisible = 0;
			defaultConfigurationName = Release;
		};
/* End XCConfigurationList section */
	};
	rootObject = 2A28AB8C29051B2E00D0FA1F /* Project object */;
}
